
Microsoft Visual Studio Solution File, Format Version 12.00
# Visual Studio Version 17
VisualStudioVersion = 17.9.34902.65
MinimumVisualStudioVersion = 10.0.40219.1
Project("{FAE04EC0-301F-11D3-BF4B-00C04F79EFBC}") = "UpSoluctions", "UpSoluctions\UpSoluctions.csproj", "{C7C591E1-786B-4F4A-921F-3FF284A67F52}"
EndProject
Global
	GlobalSection(SolutionConfigurationPlatforms) = preSolution
		Debug|Any CPU = Debug|Any CPU
		Release|Any CPU = Release|Any CPU
	EndGlobalSection
	GlobalSection(ProjectConfigurationPlatforms) = postSolution
		{C7C591E1-786B-4F4A-921F-3FF284A67F52}.Debug|Any CPU.ActiveCfg = Debug|Any CPU
		{C7C591E1-786B-4F4A-921F-3FF284A67F52}.Debug|Any CPU.Build.0 = Debug|Any CPU
		{C7C591E1-786B-4F4A-921F-3FF284A67F52}.Release|Any CPU.ActiveCfg = Release|Any CPU
		{C7C591E1-786B-4F4A-921F-3FF284A67F52}.Release|Any CPU.Build.0 = Release|Any CPU
	EndGlobalSection
	GlobalSection(SolutionProperties) = preSolution
		HideSolutionNode = FALSE
	EndGlobalSection
	GlobalSection(ExtensibilityGlobals) = postSolution
		SolutionGuid = {42DA66B9-8429-492E-B5AD-1F0EA08F1692}
	EndGlobalSection
EndGlobal
