
Microsoft Visual Studio Solution File, Format Version 12.00
# Visual Studio Version 17
VisualStudioVersion = 17.9.34902.65
MinimumVisualStudioVersion = 10.0.40219.1
Project("{9A19103F-16F7-4668-BE54-9A1E7A4F7556}") = "UpSoluctions.API", "UpSoluctions.API\UpSoluctions.API.csproj", "{C8D7C45F-E6B5-4EBA-818D-B130C57E0444}"
EndProject
Project("{9A19103F-16F7-4668-BE54-9A1E7A4F7556}") = "UpSoluctions.Data", "UpSoluctions.Dados\UpSoluctions.Data.csproj", "{8C7275BB-42D5-4CBC-AF49-29ABAAF78E95}"
EndProject
Project("{9A19103F-16F7-4668-BE54-9A1E7A4F7556}") = "UpSoluctions.Services", "UpSolutions.Services\UpSoluctions.Services.csproj", "{B8DCF4D2-3E4F-4889-AEBD-22B99EA02ED3}"
EndProject
Global
	GlobalSection(SolutionConfigurationPlatforms) = preSolution
		Debug|Any CPU = Debug|Any CPU
		Release|Any CPU = Release|Any CPU
	EndGlobalSection
	GlobalSection(ProjectConfigurationPlatforms) = postSolution
		{C8D7C45F-E6B5-4EBA-818D-B130C57E0444}.Debug|Any CPU.ActiveCfg = Debug|Any CPU
		{C8D7C45F-E6B5-4EBA-818D-B130C57E0444}.Debug|Any CPU.Build.0 = Debug|Any CPU
		{C8D7C45F-E6B5-4EBA-818D-B130C57E0444}.Release|Any CPU.ActiveCfg = Release|Any CPU
		{C8D7C45F-E6B5-4EBA-818D-B130C57E0444}.Release|Any CPU.Build.0 = Release|Any CPU
		{8C7275BB-42D5-4CBC-AF49-29ABAAF78E95}.Debug|Any CPU.ActiveCfg = Debug|Any CPU
		{8C7275BB-42D5-4CBC-AF49-29ABAAF78E95}.Debug|Any CPU.Build.0 = Debug|Any CPU
		{8C7275BB-42D5-4CBC-AF49-29ABAAF78E95}.Release|Any CPU.ActiveCfg = Release|Any CPU
		{8C7275BB-42D5-4CBC-AF49-29ABAAF78E95}.Release|Any CPU.Build.0 = Release|Any CPU
		{B8DCF4D2-3E4F-4889-AEBD-22B99EA02ED3}.Debug|Any CPU.ActiveCfg = Debug|Any CPU
		{B8DCF4D2-3E4F-4889-AEBD-22B99EA02ED3}.Debug|Any CPU.Build.0 = Debug|Any CPU
		{B8DCF4D2-3E4F-4889-AEBD-22B99EA02ED3}.Release|Any CPU.ActiveCfg = Release|Any CPU
		{B8DCF4D2-3E4F-4889-AEBD-22B99EA02ED3}.Release|Any CPU.Build.0 = Release|Any CPU
	EndGlobalSection
	GlobalSection(SolutionProperties) = preSolution
		HideSolutionNode = FALSE
	EndGlobalSection
	GlobalSection(ExtensibilityGlobals) = postSolution
		SolutionGuid = {42DA66B9-8429-492E-B5AD-1F0EA08F1692}
	EndGlobalSection
EndGlobal
